// !$*UTF8*$!
{
	archiveVersion = 1;
	classes = {
	};
	objectVersion = 50;
	objects = {

/* Begin PBXBuildFile section */
		84020B49212AC3CC002219A9 /* AppDelegate.swift in Sources */ = {isa = PBXBuildFile; fileRef = 84020B48212AC3CC002219A9 /* AppDelegate.swift */; };
		84020B4B212AC3CC002219A9 /* WeatherVC.swift in Sources */ = {isa = PBXBuildFile; fileRef = 84020B4A212AC3CC002219A9 /* WeatherVC.swift */; };
		84020B4E212AC3CC002219A9 /* Main.storyboard in Resources */ = {isa = PBXBuildFile; fileRef = 84020B4C212AC3CC002219A9 /* Main.storyboard */; };
		84020B53212AC3CD002219A9 /* LaunchScreen.storyboard in Resources */ = {isa = PBXBuildFile; fileRef = 84020B51212AC3CD002219A9 /* LaunchScreen.storyboard */; };
		84020B5B212AC5E8002219A9 /* Images.xcassets in Resources */ = {isa = PBXBuildFile; fileRef = 84020B5A212AC5E8002219A9 /* Images.xcassets */; };
		84020B5D212AE3DF002219A9 /* ChangeWeatherVC.swift in Sources */ = {isa = PBXBuildFile; fileRef = 84020B5C212AE3DF002219A9 /* ChangeWeatherVC.swift */; };
		84CF65EC212B260100E41C3C /* WeatherDataModel.swift in Sources */ = {isa = PBXBuildFile; fileRef = 84CF65EB212B260100E41C3C /* WeatherDataModel.swift */; };
		ACED79F9B9936301F93A21FE /* Pods_weatherapp.framework in Frameworks */ = {isa = PBXBuildFile; fileRef = D32F8EFE04DB426E4768D364 /* Pods_weatherapp.framework */; };
/* End PBXBuildFile section */

/* Begin PBXFileReference section */
		62CF4FDBC69052A19E986F6D /* Pods-weatherapp.release.xcconfig */ = {isa = PBXFileReference; includeInIndex = 1; lastKnownFileType = text.xcconfig; name = "Pods-weatherapp.release.xcconfig"; path = "Pods/Target Support Files/Pods-weatherapp/Pods-weatherapp.release.xcconfig"; sourceTree = "<group>"; };
		84020B45212AC3CC002219A9 /* weatherapp.app */ = {isa = PBXFileReference; explicitFileType = wrapper.application; includeInIndex = 0; path = weatherapp.app; sourceTree = BUILT_PRODUCTS_DIR; };
		84020B48212AC3CC002219A9 /* AppDelegate.swift */ = {isa = PBXFileReference; lastKnownFileType = sourcecode.swift; path = AppDelegate.swift; sourceTree = "<group>"; };
		84020B4A212AC3CC002219A9 /* WeatherVC.swift */ = {isa = PBXFileReference; lastKnownFileType = sourcecode.swift; path = WeatherVC.swift; sourceTree = "<group>"; };
		84020B4D212AC3CC002219A9 /* Base */ = {isa = PBXFileReference; lastKnownFileType = file.storyboard; name = Base; path = Base.lproj/Main.storyboard; sourceTree = "<group>"; };
		84020B52212AC3CD002219A9 /* Base */ = {isa = PBXFileReference; lastKnownFileType = file.storyboard; name = Base; path = Base.lproj/LaunchScreen.storyboard; sourceTree = "<group>"; };
		84020B54212AC3CD002219A9 /* Info.plist */ = {isa = PBXFileReference; lastKnownFileType = text.plist.xml; path = Info.plist; sourceTree = "<group>"; };
		84020B5A212AC5E8002219A9 /* Images.xcassets */ = {isa = PBXFileReference; lastKnownFileType = folder.assetcatalog; path = Images.xcassets; sourceTree = "<group>"; };
		84020B5C212AE3DF002219A9 /* ChangeWeatherVC.swift */ = {isa = PBXFileReference; lastKnownFileType = sourcecode.swift; path = ChangeWeatherVC.swift; sourceTree = "<group>"; };
		84CF65EB212B260100E41C3C /* WeatherDataModel.swift */ = {isa = PBXFileReference; lastKnownFileType = sourcecode.swift; path = WeatherDataModel.swift; sourceTree = "<group>"; };
		CBAF208813995AF676668E35 /* Pods-weatherapp.debug.xcconfig */ = {isa = PBXFileReference; includeInIndex = 1; lastKnownFileType = text.xcconfig; name = "Pods-weatherapp.debug.xcconfig"; path = "Pods/Target Support Files/Pods-weatherapp/Pods-weatherapp.debug.xcconfig"; sourceTree = "<group>"; };
		D32F8EFE04DB426E4768D364 /* Pods_weatherapp.framework */ = {isa = PBXFileReference; explicitFileType = wrapper.framework; includeInIndex = 0; path = Pods_weatherapp.framework; sourceTree = BUILT_PRODUCTS_DIR; };
/* End PBXFileReference section */

/* Begin PBXFrameworksBuildPhase section */
		84020B42212AC3CC002219A9 /* Frameworks */ = {
			isa = PBXFrameworksBuildPhase;
			buildActionMask = 2147483647;
			files = (
				ACED79F9B9936301F93A21FE /* Pods_weatherapp.framework in Frameworks */,
			);
			runOnlyForDeploymentPostprocessing = 0;
		};
/* End PBXFrameworksBuildPhase section */

/* Begin PBXGroup section */
		696037740F59CBC4D3180FE8 /* Pods */ = {
			isa = PBXGroup;
			children = (
				CBAF208813995AF676668E35 /* Pods-weatherapp.debug.xcconfig */,
				62CF4FDBC69052A19E986F6D /* Pods-weatherapp.release.xcconfig */,
			);
			name = Pods;
			sourceTree = "<group>";
		};
		6CD7F0410B4B16059D3FA2A2 /* Frameworks */ = {
			isa = PBXGroup;
			children = (
				D32F8EFE04DB426E4768D364 /* Pods_weatherapp.framework */,
			);
			name = Frameworks;
			sourceTree = "<group>";
		};
		84020B3C212AC3CC002219A9 = {
			isa = PBXGroup;
			children = (
				84020B47212AC3CC002219A9 /* weatherapp */,
				84020B46212AC3CC002219A9 /* Products */,
				696037740F59CBC4D3180FE8 /* Pods */,
				6CD7F0410B4B16059D3FA2A2 /* Frameworks */,
			);
			sourceTree = "<group>";
		};
		84020B46212AC3CC002219A9 /* Products */ = {
			isa = PBXGroup;
			children = (
				84020B45212AC3CC002219A9 /* weatherapp.app */,
			);
			name = Products;
			sourceTree = "<group>";
		};
		84020B47212AC3CC002219A9 /* weatherapp */ = {
			isa = PBXGroup;
			children = (
				84CF65EA212B258800E41C3C /* Controller */,
				84CF65E9212B256400E41C3C /* Model */,
				84CF65E8212B254A00E41C3C /* View */,
				84020B5A212AC5E8002219A9 /* Images.xcassets */,
				84020B51212AC3CD002219A9 /* LaunchScreen.storyboard */,
				848DDE942143EA35008457A1 /* Supporting Files */,
			);
			path = weatherapp;
			sourceTree = "<group>";
		};
		848DDE942143EA35008457A1 /* Supporting Files */ = {
			isa = PBXGroup;
			children = (
				84020B54212AC3CD002219A9 /* Info.plist */,
			);
			path = "Supporting Files";
			sourceTree = "<group>";
		};
		84CF65E8212B254A00E41C3C /* View */ = {
			isa = PBXGroup;
			children = (
				84020B4C212AC3CC002219A9 /* Main.storyboard */,
			);
			path = View;
			sourceTree = "<group>";
		};
		84CF65E9212B256400E41C3C /* Model */ = {
			isa = PBXGroup;
			children = (
				84CF65EB212B260100E41C3C /* WeatherDataModel.swift */,
			);
			path = Model;
			sourceTree = "<group>";
		};
		84CF65EA212B258800E41C3C /* Controller */ = {
			isa = PBXGroup;
			children = (
				84020B5C212AE3DF002219A9 /* ChangeWeatherVC.swift */,
				84020B48212AC3CC002219A9 /* AppDelegate.swift */,
				84020B4A212AC3CC002219A9 /* WeatherVC.swift */,
			);
			path = Controller;
			sourceTree = "<group>";
		};
/* End PBXGroup section */

/* Begin PBXNativeTarget section */
		84020B44212AC3CC002219A9 /* weatherapp */ = {
			isa = PBXNativeTarget;
			buildConfigurationList = 84020B57212AC3CD002219A9 /* Build configuration list for PBXNativeTarget "weatherapp" */;
			buildPhases = (
				57909A015CD4DF13A8C0E424 /* [CP] Check Pods Manifest.lock */,
				84020B41212AC3CC002219A9 /* Sources */,
				84020B42212AC3CC002219A9 /* Frameworks */,
				84020B43212AC3CC002219A9 /* Resources */,
				F196B94C5D1E6A78C5753B4F /* [CP] Embed Pods Frameworks */,
			);
			buildRules = (
			);
			dependencies = (
			);
			name = weatherapp;
			productName = weatherapp;
			productReference = 84020B45212AC3CC002219A9 /* weatherapp.app */;
			productType = "com.apple.product-type.application";
		};
/* End PBXNativeTarget section */

/* Begin PBXProject section */
		84020B3D212AC3CC002219A9 /* Project object */ = {
			isa = PBXProject;
			attributes = {
				LastSwiftUpdateCheck = 0940;
				LastUpgradeCheck = 0940;
				ORGANIZATIONNAME = abdulahad;
				TargetAttributes = {
					84020B44212AC3CC002219A9 = {
						CreatedOnToolsVersion = 9.4.1;
					};
				};
			};
			buildConfigurationList = 84020B40212AC3CC002219A9 /* Build configuration list for PBXProject "weatherapp" */;
			compatibilityVersion = "Xcode 9.3";
			developmentRegion = en;
			hasScannedForEncodings = 0;
			knownRegions = (
				en,
				Base,
			);
			mainGroup = 84020B3C212AC3CC002219A9;
			productRefGroup = 84020B46212AC3CC002219A9 /* Products */;
			projectDirPath = "";
			projectRoot = "";
			targets = (
				84020B44212AC3CC002219A9 /* weatherapp */,
			);
		};
/* End PBXProject section */

/* Begin PBXResourcesBuildPhase section */
		84020B43212AC3CC002219A9 /* Resources */ = {
			isa = PBXResourcesBuildPhase;
			buildActionMask = 2147483647;
			files = (
				84020B53212AC3CD002219A9 /* LaunchScreen.storyboard in Resources */,
				84020B5B212AC5E8002219A9 /* Images.xcassets in Resources */,
				84020B4E212AC3CC002219A9 /* Main.storyboard in Resources */,
			);
			runOnlyForDeploymentPostprocessing = 0;
		};
/* End PBXResourcesBuildPhase section */

/* Begin PBXShellScriptBuildPhase section */
		57909A015CD4DF13A8C0E424 /* [CP] Check Pods Manifest.lock */ = {
			isa = PBXShellScriptBuildPhase;
			buildActionMask = 2147483647;
			files = (
			);
			inputPaths = (
				"${PODS_PODFILE_DIR_PATH}/Podfile.lock",
				"${PODS_ROOT}/Manifest.lock",
			);
			name = "[CP] Check Pods Manifest.lock";
			outputPaths = (
				"$(DERIVED_FILE_DIR)/Pods-weatherapp-checkManifestLockResult.txt",
			);
			runOnlyForDeploymentPostprocessing = 0;
			shellPath = /bin/sh;
			shellScript = "diff \"${PODS_PODFILE_DIR_PATH}/Podfile.lock\" \"${PODS_ROOT}/Manifest.lock\" > /dev/null\nif [ $? != 0 ] ; then\n    # print error to STDERR\n    echo \"error: The sandbox is not in sync with the Podfile.lock. Run 'pod install' or update your CocoaPods installation.\" >&2\n    exit 1\nfi\n# This output is used by Xcode 'outputs' to avoid re-running this script phase.\necho \"SUCCESS\" > \"${SCRIPT_OUTPUT_FILE_0}\"\n";
			showEnvVarsInLog = 0;
		};
		F196B94C5D1E6A78C5753B4F /* [CP] Embed Pods Frameworks */ = {
			isa = PBXShellScriptBuildPhase;
			buildActionMask = 2147483647;
			files = (
			);
			inputPaths = (
				"${SRCROOT}/Pods/Target Support Files/Pods-weatherapp/Pods-weatherapp-frameworks.sh",
				"${BUILT_PRODUCTS_DIR}/Alamofire/Alamofire.framework",
				"${BUILT_PRODUCTS_DIR}/SVProgressHUD/SVProgressHUD.framework",
				"${BUILT_PRODUCTS_DIR}/SwiftyJSON/SwiftyJSON.framework",
			);
			name = "[CP] Embed Pods Frameworks";
			outputPaths = (
				"${TARGET_BUILD_DIR}/${FRAMEWORKS_FOLDER_PATH}/Alamofire.framework",
				"${TARGET_BUILD_DIR}/${FRAMEWORKS_FOLDER_PATH}/SVProgressHUD.framework",
				"${TARGET_BUILD_DIR}/${FRAMEWORKS_FOLDER_PATH}/SwiftyJSON.framework",
			);
			runOnlyForDeploymentPostprocessing = 0;
			shellPath = /bin/sh;
			shellScript = "\"${SRCROOT}/Pods/Target Support Files/Pods-weatherapp/Pods-weatherapp-frameworks.sh\"\n";
			showEnvVarsInLog = 0;
		};
/* End PBXShellScriptBuildPhase section */

/* Begin PBXSourcesBuildPhase section */
		84020B41212AC3CC002219A9 /* Sources */ = {
			isa = PBXSourcesBuildPhase;
			buildActionMask = 2147483647;
			files = (
				84CF65EC212B260100E41C3C /* WeatherDataModel.swift in Sources */,
				84020B4B212AC3CC002219A9 /* WeatherVC.swift in Sources */,
				84020B5D212AE3DF002219A9 /* ChangeWeatherVC.swift in Sources */,
				84020B49212AC3CC002219A9 /* AppDelegate.swift in Sources */,
			);
			runOnlyForDeploymentPostprocessing = 0;
		};
/* End PBXSourcesBuildPhase section */

/* Begin PBXVariantGroup section */
		84020B4C212AC3CC002219A9 /* Main.storyboard */ = {
			isa = PBXVariantGroup;
			children = (
				84020B4D212AC3CC002219A9 /* Base */,
			);
			name = Main.storyboard;
			sourceTree = "<group>";
		};
		84020B51212AC3CD002219A9 /* LaunchScreen.storyboard */ = {
			isa = PBXVariantGroup;
			children = (
				84020B52212AC3CD002219A9 /* Base */,
			);
			name = LaunchScreen.storyboard;
			sourceTree = "<group>";
		};
/* End PBXVariantGroup section */

/* Begin XCBuildConfiguration section */
		84020B55212AC3CD002219A9 /* Debug */ = {
			isa = XCBuildConfiguration;
			buildSettings = {
				ALWAYS_SEARCH_USER_PATHS = NO;
				CLANG_ANALYZER_NONNULL = YES;
				CLANG_ANALYZER_NUMBER_OBJECT_CONVERSION = YES_AGGRESSIVE;
				CLANG_CXX_LANGUAGE_STANDARD = "gnu++14";
				CLANG_CXX_LIBRARY = "libc++";
				CLANG_ENABLE_MODULES = YES;
				CLANG_ENABLE_OBJC_ARC = YES;
				CLANG_ENABLE_OBJC_WEAK = YES;
				CLANG_WARN_BLOCK_CAPTURE_AUTORELEASING = YES;
				CLANG_WARN_BOOL_CONVERSION = YES;
				CLANG_WARN_COMMA = YES;
				CLANG_WARN_CONSTANT_CONVERSION = YES;
				CLANG_WARN_DEPRECATED_OBJC_IMPLEMENTATIONS = YES;
				CLANG_WARN_DIRECT_OBJC_ISA_USAGE = YES_ERROR;
				CLANG_WARN_DOCUMENTATION_COMMENTS = YES;
				CLANG_WARN_EMPTY_BODY = YES;
				CLANG_WARN_ENUM_CONVERSION = YES;
				CLANG_WARN_INFINITE_RECURSION = YES;
				CLANG_WARN_INT_CONVERSION = YES;
				CLANG_WARN_NON_LITERAL_NULL_CONVERSION = YES;
				CLANG_WARN_OBJC_IMPLICIT_RETAIN_SELF = YES;
				CLANG_WARN_OBJC_LITERAL_CONVERSION = YES;
				CLANG_WARN_OBJC_ROOT_CLASS = YES_ERROR;
				CLANG_WARN_RANGE_LOOP_ANALYSIS = YES;
				CLANG_WARN_STRICT_PROTOTYPES = YES;
				CLANG_WARN_SUSPICIOUS_MOVE = YES;
				CLANG_WARN_UNGUARDED_AVAILABILITY = YES_AGGRESSIVE;
				CLANG_WARN_UNREACHABLE_CODE = YES;
				CLANG_WARN__DUPLICATE_METHOD_MATCH = YES;
				CODE_SIGN_IDENTITY = "iPhone Developer";
				COPY_PHASE_STRIP = NO;
				DEBUG_INFORMATION_FORMAT = dwarf;
				ENABLE_STRICT_OBJC_MSGSEND = YES;
				ENABLE_TESTABILITY = YES;
				GCC_C_LANGUAGE_STANDARD = gnu11;
				GCC_DYNAMIC_NO_PIC = NO;
				GCC_NO_COMMON_BLOCKS = YES;
				GCC_OPTIMIZATION_LEVEL = 0;
				GCC_PREPROCESSOR_DEFINITIONS = (
					"DEBUG=1",
					"$(inherited)",
				);
				GCC_WARN_64_TO_32_BIT_CONVERSION = YES;
				GCC_WARN_ABOUT_RETURN_TYPE = YES_ERROR;
				GCC_WARN_UNDECLARED_SELECTOR = YES;
				GCC_WARN_UNINITIALIZED_AUTOS = YES_AGGRESSIVE;
				GCC_WARN_UNUSED_FUNCTION = YES;
				GCC_WARN_UNUSED_VARIABLE = YES;
				IPHONEOS_DEPLOYMENT_TARGET = 11.4;
				MTL_ENABLE_DEBUG_INFO = YES;
				ONLY_ACTIVE_ARCH = YES;
				SDKROOT = iphoneos;
				SWIFT_ACTIVE_COMPILATION_CONDITIONS = DEBUG;
				SWIFT_OPTIMIZATION_LEVEL = "-Onone";
			};
			name = Debug;
		};
		84020B56212AC3CD002219A9 /* Release */ = {
			isa = XCBuildConfiguration;
			buildSettings = {
				ALWAYS_SEARCH_USER_PATHS = NO;
				CLANG_ANALYZER_NONNULL = YES;
				CLANG_ANALYZER_NUMBER_OBJECT_CONVERSION = YES_AGGRESSIVE;
				CLANG_CXX_LANGUAGE_STANDARD = "gnu++14";
				CLANG_CXX_LIBRARY = "libc++";
				CLANG_ENABLE_MODULES = YES;
				CLANG_ENABLE_OBJC_ARC = YES;
				CLANG_ENABLE_OBJC_WEAK = YES;
				CLANG_WARN_BLOCK_CAPTURE_AUTORELEASING = YES;
				CLANG_WARN_BOOL_CONVERSION = YES;
				CLANG_WARN_COMMA = YES;
				CLANG_WARN_CONSTANT_CONVERSION = YES;
				CLANG_WARN_DEPRECATED_OBJC_IMPLEMENTATIONS = YES;
				CLANG_WARN_DIRECT_OBJC_ISA_USAGE = YES_ERROR;
				CLANG_WARN_DOCUMENTATION_COMMENTS = YES;
				CLANG_WARN_EMPTY_BODY = YES;
				CLANG_WARN_ENUM_CONVERSION = YES;
				CLANG_WARN_INFINITE_RECURSION = YES;
				CLANG_WARN_INT_CONVERSION = YES;
				CLANG_WARN_NON_LITERAL_NULL_CONVERSION = YES;
				CLANG_WARN_OBJC_IMPLICIT_RETAIN_SELF = YES;
				CLANG_WARN_OBJC_LITERAL_CONVERSION = YES;
				CLANG_WARN_OBJC_ROOT_CLASS = YES_ERROR;
				CLANG_WARN_RANGE_LOOP_ANALYSIS = YES;
				CLANG_WARN_STRICT_PROTOTYPES = YES;
				CLANG_WARN_SUSPICIOUS_MOVE = YES;
				CLANG_WARN_UNGUARDED_AVAILABILITY = YES_AGGRESSIVE;
				CLANG_WARN_UNREACHABLE_CODE = YES;
				CLANG_WARN__DUPLICATE_METHOD_MATCH = YES;
				CODE_SIGN_IDENTITY = "iPhone Developer";
				COPY_PHASE_STRIP = NO;
				DEBUG_INFORMATION_FORMAT = "dwarf-with-dsym";
				ENABLE_NS_ASSERTIONS = NO;
				ENABLE_STRICT_OBJC_MSGSEND = YES;
				GCC_C_LANGUAGE_STANDARD = gnu11;
				GCC_NO_COMMON_BLOCKS = YES;
				GCC_WARN_64_TO_32_BIT_CONVERSION = YES;
				GCC_WARN_ABOUT_RETURN_TYPE = YES_ERROR;
				GCC_WARN_UNDECLARED_SELECTOR = YES;
				GCC_WARN_UNINITIALIZED_AUTOS = YES_AGGRESSIVE;
				GCC_WARN_UNUSED_FUNCTION = YES;
				GCC_WARN_UNUSED_VARIABLE = YES;
				IPHONEOS_DEPLOYMENT_TARGET = 11.4;
				MTL_ENABLE_DEBUG_INFO = NO;
				SDKROOT = iphoneos;
				SWIFT_COMPILATION_MODE = wholemodule;
				SWIFT_OPTIMIZATION_LEVEL = "-O";
				VALIDATE_PRODUCT = YES;
			};
			name = Release;
		};
		84020B58212AC3CD002219A9 /* Debug */ = {
			isa = XCBuildConfiguration;
			baseConfigurationReference = CBAF208813995AF676668E35 /* Pods-weatherapp.debug.xcconfig */;
			buildSettings = {
				ASSETCATALOG_COMPILER_APPICON_NAME = AppIcon;
				CODE_SIGN_STYLE = Automatic;
				DEVELOPMENT_TEAM = ADTR2923N7;
				INFOPLIST_FILE = "$(SRCROOT)/weatherapp/Supporting Files/Info.plist";
				LD_RUNPATH_SEARCH_PATHS = (
					"$(inherited)",
					"@executable_path/Frameworks",
				);
				PRODUCT_BUNDLE_IDENTIFIER = abdulahad.weatherapp;
				PRODUCT_NAME = "$(TARGET_NAME)";
				SWIFT_VERSION = 4.0;
				TARGETED_DEVICE_FAMILY = "1,2";
			};
			name = Debug;
		};
		84020B59212AC3CD002219A9 /* Release */ = {
			isa = XCBuildConfiguration;
			baseConfigurationReference = 62CF4FDBC69052A19E986F6D /* Pods-weatherapp.release.xcconfig */;
			buildSettings = {
				ASSETCATALOG_COMPILER_APPICON_NAME = AppIcon;
				CODE_SIGN_STYLE = Automatic;
				DEVELOPMENT_TEAM = ADTR2923N7;
				INFOPLIST_FILE = "$(SRCROOT)/weatherapp/Supporting Files/Info.plist";
				LD_RUNPATH_SEARCH_PATHS = (
					"$(inherited)",
					"@executable_path/Frameworks",
				);
				PRODUCT_BUNDLE_IDENTIFIER = abdulahad.weatherapp;
				PRODUCT_NAME = "$(TARGET_NAME)";
				SWIFT_VERSION = 4.0;
				TARGETED_DEVICE_FAMILY = "1,2";
			};
			name = Release;
		};
/* End XCBuildConfiguration section */

/* Begin XCConfigurationList section */
		84020B40212AC3CC002219A9 /* Build configuration list for PBXProject "weatherapp" */ = {
			isa = XCConfigurationList;
			buildConfigurations = (
				84020B55212AC3CD002219A9 /* Debug */,
				84020B56212AC3CD002219A9 /* Release */,
			);
			defaultConfigurationIsVisible = 0;
			defaultConfigurationName = Release;
		};
		84020B57212AC3CD002219A9 /* Build configuration list for PBXNativeTarget "weatherapp" */ = {
			isa = XCConfigurationList;
			buildConfigurations = (
				84020B58212AC3CD002219A9 /* Debug */,
				84020B59212AC3CD002219A9 /* Release */,
			);
			defaultConfigurationIsVisible = 0;
			defaultConfigurationName = Release;
		};
/* End XCConfigurationList section */
	};
	rootObject = 84020B3D212AC3CC002219A9 /* Project object */;
}
